
Microsoft Visual Studio Solution File, Format Version 12.00
# Visual Studio Version 17
Project("{8BC9CEB8-8B4A-11D0-8D11-00A0C91BC942}") = "Citadel", "Citadel\Citadel.vcxproj", "{FB2F9526-670F-14C2-7027-9F98DC857A23}"
EndProject
Project("{8BC9CEB8-8B4A-11D0-8D11-00A0C91BC942}") = "GLFW", "V8Engine\vendor\GLFW\GLFW.vcxproj", "{154B857C-0182-860D-AA6E-6C109684020F}"
EndProject
Project("{8BC9CEB8-8B4A-11D0-8D11-00A0C91BC942}") = "V8Engine", "V8Engine\V8Engine.vcxproj", "{E9DA8259-D5A7-DD64-FEC0-CB0CEAEC12F3}"
EndProject
Global
	GlobalSection(SolutionConfigurationPlatforms) = preSolution
		Debug|x64 = Debug|x64
		Dist|x64 = Dist|x64
		Release|x64 = Release|x64
	EndGlobalSection
	GlobalSection(ProjectConfigurationPlatforms) = postSolution
		{FB2F9526-670F-14C2-7027-9F98DC857A23}.Debug|x64.ActiveCfg = Debug|x64
		{FB2F9526-670F-14C2-7027-9F98DC857A23}.Debug|x64.Build.0 = Debug|x64
		{FB2F9526-670F-14C2-7027-9F98DC857A23}.Dist|x64.ActiveCfg = Dist|x64
		{FB2F9526-670F-14C2-7027-9F98DC857A23}.Dist|x64.Build.0 = Dist|x64
		{FB2F9526-670F-14C2-7027-9F98DC857A23}.Release|x64.ActiveCfg = Release|x64
		{FB2F9526-670F-14C2-7027-9F98DC857A23}.Release|x64.Build.0 = Release|x64
		{154B857C-0182-860D-AA6E-6C109684020F}.Debug|x64.ActiveCfg = Debug|x64
		{154B857C-0182-860D-AA6E-6C109684020F}.Debug|x64.Build.0 = Debug|x64
		{154B857C-0182-860D-AA6E-6C109684020F}.Dist|x64.ActiveCfg = Dist|x64
		{154B857C-0182-860D-AA6E-6C109684020F}.Dist|x64.Build.0 = Dist|x64
		{154B857C-0182-860D-AA6E-6C109684020F}.Release|x64.ActiveCfg = Release|x64
		{154B857C-0182-860D-AA6E-6C109684020F}.Release|x64.Build.0 = Release|x64
		{E9DA8259-D5A7-DD64-FEC0-CB0CEAEC12F3}.Debug|x64.ActiveCfg = Debug|x64
		{E9DA8259-D5A7-DD64-FEC0-CB0CEAEC12F3}.Debug|x64.Build.0 = Debug|x64
		{E9DA8259-D5A7-DD64-FEC0-CB0CEAEC12F3}.Dist|x64.ActiveCfg = Dist|x64
		{E9DA8259-D5A7-DD64-FEC0-CB0CEAEC12F3}.Dist|x64.Build.0 = Dist|x64
		{E9DA8259-D5A7-DD64-FEC0-CB0CEAEC12F3}.Release|x64.ActiveCfg = Release|x64
		{E9DA8259-D5A7-DD64-FEC0-CB0CEAEC12F3}.Release|x64.Build.0 = Release|x64
	EndGlobalSection
	GlobalSection(SolutionProperties) = preSolution
		HideSolutionNode = FALSE
	EndGlobalSection
EndGlobal
