
Microsoft Visual Studio Solution File, Format Version 12.00
# Visual Studio Version 17
VisualStudioVersion = 17.10.35013.160
MinimumVisualStudioVersion = 10.0.40219.1
Project("{8BC9CEB8-8B4A-11D0-8D11-00A0C91BC942}") = "V8Engine", "V8Engine\V8Engine.vcxproj", "{F5D9D03D-0F5A-403D-89C2-24E82E7557E4}"
EndProject
Project("{8BC9CEB8-8B4A-11D0-8D11-00A0C91BC942}") = "Citadel", "Citadel\Citadel.vcxproj", "{7339290E-6CB9-46F1-8E87-89F69408CF2D}"
EndProject
Global
	GlobalSection(SolutionConfigurationPlatforms) = preSolution
		Debug|x64 = Debug|x64
		Debug|x86 = Debug|x86
		Release|x64 = Release|x64
		Release|x86 = Release|x86
	EndGlobalSection
	GlobalSection(ProjectConfigurationPlatforms) = postSolution
		{7339290E-6CB9-46F1-8E87-89F69408CF2D}.Debug|x64.ActiveCfg = Debug|x64
		{7339290E-6CB9-46F1-8E87-89F69408CF2D}.Debug|x64.Build.0 = Debug|x64
		{7339290E-6CB9-46F1-8E87-89F69408CF2D}.Debug|x86.ActiveCfg = Debug|x64
		{7339290E-6CB9-46F1-8E87-89F69408CF2D}.Release|x64.ActiveCfg = Release|x64
		{7339290E-6CB9-46F1-8E87-89F69408CF2D}.Release|x64.Build.0 = Release|x64
		{7339290E-6CB9-46F1-8E87-89F69408CF2D}.Release|x86.ActiveCfg = Release|x64
		{F5D9D03D-0F5A-403D-89C2-24E82E7557E4}.Debug|x64.ActiveCfg = Debug|x64
		{F5D9D03D-0F5A-403D-89C2-24E82E7557E4}.Debug|x64.Build.0 = Debug|x64
		{F5D9D03D-0F5A-403D-89C2-24E82E7557E4}.Debug|x86.ActiveCfg = Debug|x64
		{F5D9D03D-0F5A-403D-89C2-24E82E7557E4}.Release|x64.ActiveCfg = Release|x64
		{F5D9D03D-0F5A-403D-89C2-24E82E7557E4}.Release|x64.Build.0 = Release|x64
		{F5D9D03D-0F5A-403D-89C2-24E82E7557E4}.Release|x86.ActiveCfg = Release|x64
	EndGlobalSection
	GlobalSection(SolutionProperties) = preSolution
		HideSolutionNode = FALSE
	EndGlobalSection
	GlobalSection(ExtensibilityGlobals) = postSolution
		SolutionGuid = {93A54ADC-D673-4145-AB35-5707525EF579}
	EndGlobalSection
EndGlobal
