<?xml version="1.0" encoding="utf-8"?>
<Project ToolsVersion="4.0" xmlns="http://schemas.microsoft.com/developer/msbuild/2003">
  <ItemGroup>
    <Filter Include="V8">
      <UniqueIdentifier>{93755900-7F01-880B-E8AF-880BD45A880B}</UniqueIdentifier>
    </Filter>
  </ItemGroup>
  <ItemGroup>
    <ClInclude Include="src\V8\Application.h">
      <Filter>V8</Filter>
    </ClInclude>
    <ClInclude Include="src\V8\Core.h">
      <Filter>V8</Filter>
    </ClInclude>
    <ClInclude Include="src\V8\EntryPoint.h">
      <Filter>V8</Filter>
    </ClInclude>
    <ClInclude Include="src\V8\Log.h">
      <Filter>V8</Filter>
    </ClInclude>
    <ClInclude Include="src\V8Engine.h" />
  </ItemGroup>
  <ItemGroup>
    <ClCompile Include="src\V8\Application.cpp">
      <Filter>V8</Filter>
    </ClCompile>
    <ClCompile Include="src\V8\Log.cpp">
      <Filter>V8</Filter>
    </ClCompile>
  </ItemGroup>
</Project>